// !$*UTF8*$!
{
	archiveVersion = 1;
	classes = {
	};
	objectVersion = 51;
	objects = {

/* Begin PBXBuildFile section */
		017E2A435C7AE767DB068309 /* Pods_Messenger_MessengerUITests.framework in Frameworks */ = {isa = PBXBuildFile; fileRef = 9D944EA49E07B3BF3E23AE6C /* Pods_Messenger_MessengerUITests.framework */; };
		20E1CA450B78BAD188E6BC1D /* Pods_Messenger.framework in Frameworks */ = {isa = PBXBuildFile; fileRef = 3371AD73A43A5FF9C4232B48 /* Pods_Messenger.framework */; };
		78C399B72591C52400C6860A /* GoogleService-Info.plist in Resources */ = {isa = PBXBuildFile; fileRef = 78C399B62591C52400C6860A /* GoogleService-Info.plist */; };
		78C88DE525904782009962F8 /* AppDelegate.swift in Sources */ = {isa = PBXBuildFile; fileRef = 78C88DE425904782009962F8 /* AppDelegate.swift */; };
		78C88DE725904782009962F8 /* SceneDelegate.swift in Sources */ = {isa = PBXBuildFile; fileRef = 78C88DE625904782009962F8 /* SceneDelegate.swift */; };
		78C88DE925904782009962F8 /* ConversationsViewController.swift in Sources */ = {isa = PBXBuildFile; fileRef = 78C88DE825904782009962F8 /* ConversationsViewController.swift */; };
		78C88DEC25904782009962F8 /* Main.storyboard in Resources */ = {isa = PBXBuildFile; fileRef = 78C88DEA25904782009962F8 /* Main.storyboard */; };
		78C88DEE25904782009962F8 /* Assets.xcassets in Resources */ = {isa = PBXBuildFile; fileRef = 78C88DED25904782009962F8 /* Assets.xcassets */; };
		78C88DF125904782009962F8 /* LaunchScreen.storyboard in Resources */ = {isa = PBXBuildFile; fileRef = 78C88DEF25904782009962F8 /* LaunchScreen.storyboard */; };
		78C88DFC25904782009962F8 /* MessengerTests.swift in Sources */ = {isa = PBXBuildFile; fileRef = 78C88DFB25904782009962F8 /* MessengerTests.swift */; };
		78C88E0725904782009962F8 /* MessengerUITests.swift in Sources */ = {isa = PBXBuildFile; fileRef = 78C88E0625904782009962F8 /* MessengerUITests.swift */; };
		78C88E2725905336009962F8 /* LoginViewController.swift in Sources */ = {isa = PBXBuildFile; fileRef = 78C88E2625905336009962F8 /* LoginViewController.swift */; };
		78C88E2C25905361009962F8 /* RegisterViewController.swift in Sources */ = {isa = PBXBuildFile; fileRef = 78C88E2B25905361009962F8 /* RegisterViewController.swift */; };
		78C88E3125905395009962F8 /* PhotoViewerViewController.swift in Sources */ = {isa = PBXBuildFile; fileRef = 78C88E3025905395009962F8 /* PhotoViewerViewController.swift */; };
		78C88E36259053B8009962F8 /* VideoPlayerViewController.swift in Sources */ = {isa = PBXBuildFile; fileRef = 78C88E35259053B8009962F8 /* VideoPlayerViewController.swift */; };
		78C88E3B259053FA009962F8 /* NewConversationViewController.swift in Sources */ = {isa = PBXBuildFile; fileRef = 78C88E3A259053FA009962F8 /* NewConversationViewController.swift */; };
		78C88E4025905426009962F8 /* ProfileViewController.swift in Sources */ = {isa = PBXBuildFile; fileRef = 78C88E3F25905426009962F8 /* ProfileViewController.swift */; };
		78C88E6B2590823A009962F8 /* Extension.swift in Sources */ = {isa = PBXBuildFile; fileRef = 78C88E6A2590823A009962F8 /* Extension.swift */; };
		A8034C923E4A69412B5F7552 /* Pods_MessengerTests.framework in Frameworks */ = {isa = PBXBuildFile; fileRef = 3FF1EA9F790D2611699BB360 /* Pods_MessengerTests.framework */; };
/* End PBXBuildFile section */

/* Begin PBXContainerItemProxy section */
		78C88DF825904782009962F8 /* PBXContainerItemProxy */ = {
			isa = PBXContainerItemProxy;
			containerPortal = 78C88DD925904782009962F8 /* Project object */;
			proxyType = 1;
			remoteGlobalIDString = 78C88DE025904782009962F8;
			remoteInfo = Messenger;
		};
		78C88E0325904782009962F8 /* PBXContainerItemProxy */ = {
			isa = PBXContainerItemProxy;
			containerPortal = 78C88DD925904782009962F8 /* Project object */;
			proxyType = 1;
			remoteGlobalIDString = 78C88DE025904782009962F8;
			remoteInfo = Messenger;
		};
/* End PBXContainerItemProxy section */

/* Begin PBXFileReference section */
		14F9CEE3BD038E5096D35AD0 /* Pods-MessengerTests.debug.xcconfig */ = {isa = PBXFileReference; includeInIndex = 1; lastKnownFileType = text.xcconfig; name = "Pods-MessengerTests.debug.xcconfig"; path = "Target Support Files/Pods-MessengerTests/Pods-MessengerTests.debug.xcconfig"; sourceTree = "<group>"; };
		3371AD73A43A5FF9C4232B48 /* Pods_Messenger.framework */ = {isa = PBXFileReference; explicitFileType = wrapper.framework; includeInIndex = 0; path = Pods_Messenger.framework; sourceTree = BUILT_PRODUCTS_DIR; };
		3FF1EA9F790D2611699BB360 /* Pods_MessengerTests.framework */ = {isa = PBXFileReference; explicitFileType = wrapper.framework; includeInIndex = 0; path = Pods_MessengerTests.framework; sourceTree = BUILT_PRODUCTS_DIR; };
		419C3F5386005A6E26FB5ED9 /* Pods-Messenger-MessengerUITests.release.xcconfig */ = {isa = PBXFileReference; includeInIndex = 1; lastKnownFileType = text.xcconfig; name = "Pods-Messenger-MessengerUITests.release.xcconfig"; path = "Target Support Files/Pods-Messenger-MessengerUITests/Pods-Messenger-MessengerUITests.release.xcconfig"; sourceTree = "<group>"; };
		4B411A84323CD8CA68C7F09B /* Pods-Messenger-MessengerUITests.debug.xcconfig */ = {isa = PBXFileReference; includeInIndex = 1; lastKnownFileType = text.xcconfig; name = "Pods-Messenger-MessengerUITests.debug.xcconfig"; path = "Target Support Files/Pods-Messenger-MessengerUITests/Pods-Messenger-MessengerUITests.debug.xcconfig"; sourceTree = "<group>"; };
		78C399B62591C52400C6860A /* GoogleService-Info.plist */ = {isa = PBXFileReference; fileEncoding = 4; lastKnownFileType = text.plist.xml; path = "GoogleService-Info.plist"; sourceTree = "<group>"; };
		78C88DE125904782009962F8 /* Messenger.app */ = {isa = PBXFileReference; explicitFileType = wrapper.application; includeInIndex = 0; path = Messenger.app; sourceTree = BUILT_PRODUCTS_DIR; };
		78C88DE425904782009962F8 /* AppDelegate.swift */ = {isa = PBXFileReference; lastKnownFileType = sourcecode.swift; path = AppDelegate.swift; sourceTree = "<group>"; };
		78C88DE625904782009962F8 /* SceneDelegate.swift */ = {isa = PBXFileReference; lastKnownFileType = sourcecode.swift; path = SceneDelegate.swift; sourceTree = "<group>"; };
		78C88DE825904782009962F8 /* ConversationsViewController.swift */ = {isa = PBXFileReference; lastKnownFileType = sourcecode.swift; path = ConversationsViewController.swift; sourceTree = "<group>"; };
		78C88DEB25904782009962F8 /* Base */ = {isa = PBXFileReference; lastKnownFileType = file.storyboard; name = Base; path = Base.lproj/Main.storyboard; sourceTree = "<group>"; };
		78C88DED25904782009962F8 /* Assets.xcassets */ = {isa = PBXFileReference; lastKnownFileType = folder.assetcatalog; path = Assets.xcassets; sourceTree = "<group>"; };
		78C88DF025904782009962F8 /* Base */ = {isa = PBXFileReference; lastKnownFileType = file.storyboard; name = Base; path = Base.lproj/LaunchScreen.storyboard; sourceTree = "<group>"; };
		78C88DF225904782009962F8 /* Info.plist */ = {isa = PBXFileReference; lastKnownFileType = text.plist.xml; path = Info.plist; sourceTree = "<group>"; };
		78C88DF725904782009962F8 /* MessengerTests.xctest */ = {isa = PBXFileReference; explicitFileType = wrapper.cfbundle; includeInIndex = 0; path = MessengerTests.xctest; sourceTree = BUILT_PRODUCTS_DIR; };
		78C88DFB25904782009962F8 /* MessengerTests.swift */ = {isa = PBXFileReference; lastKnownFileType = sourcecode.swift; path = MessengerTests.swift; sourceTree = "<group>"; };
		78C88DFD25904782009962F8 /* Info.plist */ = {isa = PBXFileReference; lastKnownFileType = text.plist.xml; path = Info.plist; sourceTree = "<group>"; };
		78C88E0225904782009962F8 /* MessengerUITests.xctest */ = {isa = PBXFileReference; explicitFileType = wrapper.cfbundle; includeInIndex = 0; path = MessengerUITests.xctest; sourceTree = BUILT_PRODUCTS_DIR; };
		78C88E0625904782009962F8 /* MessengerUITests.swift */ = {isa = PBXFileReference; lastKnownFileType = sourcecode.swift; path = MessengerUITests.swift; sourceTree = "<group>"; };
		78C88E0825904782009962F8 /* Info.plist */ = {isa = PBXFileReference; lastKnownFileType = text.plist.xml; path = Info.plist; sourceTree = "<group>"; };
		78C88E2625905336009962F8 /* LoginViewController.swift */ = {isa = PBXFileReference; lastKnownFileType = sourcecode.swift; path = LoginViewController.swift; sourceTree = "<group>"; };
		78C88E2B25905361009962F8 /* RegisterViewController.swift */ = {isa = PBXFileReference; lastKnownFileType = sourcecode.swift; path = RegisterViewController.swift; sourceTree = "<group>"; };
		78C88E3025905395009962F8 /* PhotoViewerViewController.swift */ = {isa = PBXFileReference; lastKnownFileType = sourcecode.swift; path = PhotoViewerViewController.swift; sourceTree = "<group>"; };
		78C88E35259053B8009962F8 /* VideoPlayerViewController.swift */ = {isa = PBXFileReference; lastKnownFileType = sourcecode.swift; path = VideoPlayerViewController.swift; sourceTree = "<group>"; };
		78C88E3A259053FA009962F8 /* NewConversationViewController.swift */ = {isa = PBXFileReference; lastKnownFileType = sourcecode.swift; path = NewConversationViewController.swift; sourceTree = "<group>"; };
		78C88E3F25905426009962F8 /* ProfileViewController.swift */ = {isa = PBXFileReference; lastKnownFileType = sourcecode.swift; path = ProfileViewController.swift; sourceTree = "<group>"; };
		78C88E6A2590823A009962F8 /* Extension.swift */ = {isa = PBXFileReference; lastKnownFileType = sourcecode.swift; path = Extension.swift; sourceTree = "<group>"; };
		9A0F23F526D2056AC2757382 /* Pods-Messenger.debug.xcconfig */ = {isa = PBXFileReference; includeInIndex = 1; lastKnownFileType = text.xcconfig; name = "Pods-Messenger.debug.xcconfig"; path = "Target Support Files/Pods-Messenger/Pods-Messenger.debug.xcconfig"; sourceTree = "<group>"; };
		9BB58863E0760F79B2B8386C /* Pods-Messenger.release.xcconfig */ = {isa = PBXFileReference; includeInIndex = 1; lastKnownFileType = text.xcconfig; name = "Pods-Messenger.release.xcconfig"; path = "Target Support Files/Pods-Messenger/Pods-Messenger.release.xcconfig"; sourceTree = "<group>"; };
		9D944EA49E07B3BF3E23AE6C /* Pods_Messenger_MessengerUITests.framework */ = {isa = PBXFileReference; explicitFileType = wrapper.framework; includeInIndex = 0; path = Pods_Messenger_MessengerUITests.framework; sourceTree = BUILT_PRODUCTS_DIR; };
		FC726E24C0E0612B6D5488A9 /* Pods-MessengerTests.release.xcconfig */ = {isa = PBXFileReference; includeInIndex = 1; lastKnownFileType = text.xcconfig; name = "Pods-MessengerTests.release.xcconfig"; path = "Target Support Files/Pods-MessengerTests/Pods-MessengerTests.release.xcconfig"; sourceTree = "<group>"; };
/* End PBXFileReference section */

/* Begin PBXFrameworksBuildPhase section */
		78C88DDE25904782009962F8 /* Frameworks */ = {
			isa = PBXFrameworksBuildPhase;
			buildActionMask = 2147483647;
			files = (
				20E1CA450B78BAD188E6BC1D /* Pods_Messenger.framework in Frameworks */,
			);
			runOnlyForDeploymentPostprocessing = 0;
		};
		78C88DF425904782009962F8 /* Frameworks */ = {
			isa = PBXFrameworksBuildPhase;
			buildActionMask = 2147483647;
			files = (
				A8034C923E4A69412B5F7552 /* Pods_MessengerTests.framework in Frameworks */,
			);
			runOnlyForDeploymentPostprocessing = 0;
		};
		78C88DFF25904782009962F8 /* Frameworks */ = {
			isa = PBXFrameworksBuildPhase;
			buildActionMask = 2147483647;
			files = (
				017E2A435C7AE767DB068309 /* Pods_Messenger_MessengerUITests.framework in Frameworks */,
			);
			runOnlyForDeploymentPostprocessing = 0;
		};
/* End PBXFrameworksBuildPhase section */

/* Begin PBXGroup section */
		78C88DD825904782009962F8 = {
			isa = PBXGroup;
			children = (
				78C88DE325904782009962F8 /* Messenger */,
				78C88DFA25904782009962F8 /* MessengerTests */,
				78C88E0525904782009962F8 /* MessengerUITests */,
				78C88DE225904782009962F8 /* Products */,
				A10A3CD8D8731937D4CD26DE /* Pods */,
				C932213E89B0A2AE2A67C605 /* Frameworks */,
			);
			sourceTree = "<group>";
		};
		78C88DE225904782009962F8 /* Products */ = {
			isa = PBXGroup;
			children = (
				78C88DE125904782009962F8 /* Messenger.app */,
				78C88DF725904782009962F8 /* MessengerTests.xctest */,
				78C88E0225904782009962F8 /* MessengerUITests.xctest */,
			);
			name = Products;
			sourceTree = "<group>";
		};
		78C88DE325904782009962F8 /* Messenger */ = {
			isa = PBXGroup;
			children = (
				78C399B62591C52400C6860A /* GoogleService-Info.plist */,
				78C88E1B2590512D009962F8 /* Resources */,
				78C88E1A25905116009962F8 /* ViewModels */,
				78C88E192590510A009962F8 /* Views */,
				78C88E18259050F8009962F8 /* Models */,
				78C88E17259050E5009962F8 /* Controllers */,
				78C88DF225904782009962F8 /* Info.plist */,
			);
			path = Messenger;
			sourceTree = "<group>";
		};
		78C88DFA25904782009962F8 /* MessengerTests */ = {
			isa = PBXGroup;
			children = (
				78C88DFB25904782009962F8 /* MessengerTests.swift */,
				78C88DFD25904782009962F8 /* Info.plist */,
			);
			path = MessengerTests;
			sourceTree = "<group>";
		};
		78C88E0525904782009962F8 /* MessengerUITests */ = {
			isa = PBXGroup;
			children = (
				78C88E0625904782009962F8 /* MessengerUITests.swift */,
				78C88E0825904782009962F8 /* Info.plist */,
			);
			path = MessengerUITests;
			sourceTree = "<group>";
		};
		78C88E17259050E5009962F8 /* Controllers */ = {
			isa = PBXGroup;
			children = (
				78C88DE825904782009962F8 /* ConversationsViewController.swift */,
				78C88E4425905C7F009962F8 /* LoginAndRegister */,
				78C88E3025905395009962F8 /* PhotoViewerViewController.swift */,
				78C88E35259053B8009962F8 /* VideoPlayerViewController.swift */,
				78C88E3A259053FA009962F8 /* NewConversationViewController.swift */,
				78C88E3F25905426009962F8 /* ProfileViewController.swift */,
			);
			path = Controllers;
			sourceTree = "<group>";
		};
		78C88E18259050F8009962F8 /* Models */ = {
			isa = PBXGroup;
			children = (
			);
			path = Models;
			sourceTree = "<group>";
		};
		78C88E192590510A009962F8 /* Views */ = {
			isa = PBXGroup;
			children = (
				78C88DED25904782009962F8 /* Assets.xcassets */,
				78C88E1F25905196009962F8 /* Storyboards */,
			);
			path = Views;
			sourceTree = "<group>";
		};
		78C88E1A25905116009962F8 /* ViewModels */ = {
			isa = PBXGroup;
			children = (
			);
			path = ViewModels;
			sourceTree = "<group>";
		};
		78C88E1B2590512D009962F8 /* Resources */ = {
			isa = PBXGroup;
			children = (
				78C88DE425904782009962F8 /* AppDelegate.swift */,
				78C88DE625904782009962F8 /* SceneDelegate.swift */,
				78C88E6A2590823A009962F8 /* Extension.swift */,
			);
			path = Resources;
			sourceTree = "<group>";
		};
		78C88E1F25905196009962F8 /* Storyboards */ = {
			isa = PBXGroup;
			children = (
				78C88DEA25904782009962F8 /* Main.storyboard */,
				78C88DEF25904782009962F8 /* LaunchScreen.storyboard */,
			);
			path = Storyboards;
			sourceTree = "<group>";
		};
		78C88E4425905C7F009962F8 /* LoginAndRegister */ = {
			isa = PBXGroup;
			children = (
				78C88E2625905336009962F8 /* LoginViewController.swift */,
				78C88E2B25905361009962F8 /* RegisterViewController.swift */,
			);
			path = LoginAndRegister;
			sourceTree = "<group>";
		};
		A10A3CD8D8731937D4CD26DE /* Pods */ = {
			isa = PBXGroup;
			children = (
				9A0F23F526D2056AC2757382 /* Pods-Messenger.debug.xcconfig */,
				9BB58863E0760F79B2B8386C /* Pods-Messenger.release.xcconfig */,
				4B411A84323CD8CA68C7F09B /* Pods-Messenger-MessengerUITests.debug.xcconfig */,
				419C3F5386005A6E26FB5ED9 /* Pods-Messenger-MessengerUITests.release.xcconfig */,
				14F9CEE3BD038E5096D35AD0 /* Pods-MessengerTests.debug.xcconfig */,
				FC726E24C0E0612B6D5488A9 /* Pods-MessengerTests.release.xcconfig */,
			);
			path = Pods;
			sourceTree = "<group>";
		};
		C932213E89B0A2AE2A67C605 /* Frameworks */ = {
			isa = PBXGroup;
			children = (
				3371AD73A43A5FF9C4232B48 /* Pods_Messenger.framework */,
				9D944EA49E07B3BF3E23AE6C /* Pods_Messenger_MessengerUITests.framework */,
				3FF1EA9F790D2611699BB360 /* Pods_MessengerTests.framework */,
			);
			name = Frameworks;
			sourceTree = "<group>";
		};
/* End PBXGroup section */

/* Begin PBXNativeTarget section */
		78C88DE025904782009962F8 /* Messenger */ = {
			isa = PBXNativeTarget;
			buildConfigurationList = 78C88E0B25904782009962F8 /* Build configuration list for PBXNativeTarget "Messenger" */;
			buildPhases = (
				B3A97E175AA3F023DC5D2A3F /* [CP] Check Pods Manifest.lock */,
				78C88DDD25904782009962F8 /* Sources */,
				78C88DDE25904782009962F8 /* Frameworks */,
				78C88DDF25904782009962F8 /* Resources */,
				2A2228EA0608F8D92755AD61 /* [CP] Embed Pods Frameworks */,
			);
			buildRules = (
			);
			dependencies = (
			);
			name = Messenger;
			productName = Messenger;
			productReference = 78C88DE125904782009962F8 /* Messenger.app */;
			productType = "com.apple.product-type.application";
		};
		78C88DF625904782009962F8 /* MessengerTests */ = {
			isa = PBXNativeTarget;
			buildConfigurationList = 78C88E0E25904782009962F8 /* Build configuration list for PBXNativeTarget "MessengerTests" */;
			buildPhases = (
				75835B5AA025085B00C80E6C /* [CP] Check Pods Manifest.lock */,
				78C88DF325904782009962F8 /* Sources */,
				78C88DF425904782009962F8 /* Frameworks */,
				78C88DF525904782009962F8 /* Resources */,
			);
			buildRules = (
			);
			dependencies = (
				78C88DF925904782009962F8 /* PBXTargetDependency */,
			);
			name = MessengerTests;
			productName = MessengerTests;
			productReference = 78C88DF725904782009962F8 /* MessengerTests.xctest */;
			productType = "com.apple.product-type.bundle.unit-test";
		};
		78C88E0125904782009962F8 /* MessengerUITests */ = {
			isa = PBXNativeTarget;
			buildConfigurationList = 78C88E1125904782009962F8 /* Build configuration list for PBXNativeTarget "MessengerUITests" */;
			buildPhases = (
				4161B1022D99BFF31DA2EEFA /* [CP] Check Pods Manifest.lock */,
				78C88DFE25904782009962F8 /* Sources */,
				78C88DFF25904782009962F8 /* Frameworks */,
				78C88E0025904782009962F8 /* Resources */,
				FF17974CCCD04A3BF6D9F07B /* [CP] Embed Pods Frameworks */,
			);
			buildRules = (
			);
			dependencies = (
				78C88E0425904782009962F8 /* PBXTargetDependency */,
			);
			name = MessengerUITests;
			productName = MessengerUITests;
			productReference = 78C88E0225904782009962F8 /* MessengerUITests.xctest */;
			productType = "com.apple.product-type.bundle.ui-testing";
		};
/* End PBXNativeTarget section */

/* Begin PBXProject section */
		78C88DD925904782009962F8 /* Project object */ = {
			isa = PBXProject;
			attributes = {
				LastSwiftUpdateCheck = 1230;
				LastUpgradeCheck = 1230;
				TargetAttributes = {
					78C88DE025904782009962F8 = {
						CreatedOnToolsVersion = 12.3;
					};
					78C88DF625904782009962F8 = {
						CreatedOnToolsVersion = 12.3;
						TestTargetID = 78C88DE025904782009962F8;
					};
					78C88E0125904782009962F8 = {
						CreatedOnToolsVersion = 12.3;
						TestTargetID = 78C88DE025904782009962F8;
					};
				};
			};
			buildConfigurationList = 78C88DDC25904782009962F8 /* Build configuration list for PBXProject "Messenger" */;
			compatibilityVersion = "Xcode 9.3";
			developmentRegion = en;
			hasScannedForEncodings = 0;
			knownRegions = (
				en,
				Base,
			);
			mainGroup = 78C88DD825904782009962F8;
			productRefGroup = 78C88DE225904782009962F8 /* Products */;
			projectDirPath = "";
			projectRoot = "";
			targets = (
				78C88DE025904782009962F8 /* Messenger */,
				78C88DF625904782009962F8 /* MessengerTests */,
				78C88E0125904782009962F8 /* MessengerUITests */,
			);
		};
/* End PBXProject section */

/* Begin PBXResourcesBuildPhase section */
		78C88DDF25904782009962F8 /* Resources */ = {
			isa = PBXResourcesBuildPhase;
			buildActionMask = 2147483647;
			files = (
				78C88DF125904782009962F8 /* LaunchScreen.storyboard in Resources */,
				78C88DEE25904782009962F8 /* Assets.xcassets in Resources */,
				78C399B72591C52400C6860A /* GoogleService-Info.plist in Resources */,
				78C88DEC25904782009962F8 /* Main.storyboard in Resources */,
			);
			runOnlyForDeploymentPostprocessing = 0;
		};
		78C88DF525904782009962F8 /* Resources */ = {
			isa = PBXResourcesBuildPhase;
			buildActionMask = 2147483647;
			files = (
			);
			runOnlyForDeploymentPostprocessing = 0;
		};
		78C88E0025904782009962F8 /* Resources */ = {
			isa = PBXResourcesBuildPhase;
			buildActionMask = 2147483647;
			files = (
			);
			runOnlyForDeploymentPostprocessing = 0;
		};
/* End PBXResourcesBuildPhase section */

/* Begin PBXShellScriptBuildPhase section */
		2A2228EA0608F8D92755AD61 /* [CP] Embed Pods Frameworks */ = {
			isa = PBXShellScriptBuildPhase;
			buildActionMask = 2147483647;
			files = (
			);
			inputFileListPaths = (
				"${PODS_ROOT}/Target Support Files/Pods-Messenger/Pods-Messenger-frameworks-${CONFIGURATION}-input-files.xcfilelist",
			);
			name = "[CP] Embed Pods Frameworks";
			outputFileListPaths = (
				"${PODS_ROOT}/Target Support Files/Pods-Messenger/Pods-Messenger-frameworks-${CONFIGURATION}-output-files.xcfilelist",
			);
			runOnlyForDeploymentPostprocessing = 0;
			shellPath = /bin/sh;
			shellScript = "\"${PODS_ROOT}/Target Support Files/Pods-Messenger/Pods-Messenger-frameworks.sh\"\n";
			showEnvVarsInLog = 0;
		};
		4161B1022D99BFF31DA2EEFA /* [CP] Check Pods Manifest.lock */ = {
			isa = PBXShellScriptBuildPhase;
			buildActionMask = 2147483647;
			files = (
			);
			inputFileListPaths = (
			);
			inputPaths = (
				"${PODS_PODFILE_DIR_PATH}/Podfile.lock",
				"${PODS_ROOT}/Manifest.lock",
			);
			name = "[CP] Check Pods Manifest.lock";
			outputFileListPaths = (
			);
			outputPaths = (
				"$(DERIVED_FILE_DIR)/Pods-Messenger-MessengerUITests-checkManifestLockResult.txt",
			);
			runOnlyForDeploymentPostprocessing = 0;
			shellPath = /bin/sh;
			shellScript = "diff \"${PODS_PODFILE_DIR_PATH}/Podfile.lock\" \"${PODS_ROOT}/Manifest.lock\" > /dev/null\nif [ $? != 0 ] ; then\n    # print error to STDERR\n    echo \"error: The sandbox is not in sync with the Podfile.lock. Run 'pod install' or update your CocoaPods installation.\" >&2\n    exit 1\nfi\n# This output is used by Xcode 'outputs' to avoid re-running this script phase.\necho \"SUCCESS\" > \"${SCRIPT_OUTPUT_FILE_0}\"\n";
			showEnvVarsInLog = 0;
		};
		75835B5AA025085B00C80E6C /* [CP] Check Pods Manifest.lock */ = {
			isa = PBXShellScriptBuildPhase;
			buildActionMask = 2147483647;
			files = (
			);
			inputFileListPaths = (
			);
			inputPaths = (
				"${PODS_PODFILE_DIR_PATH}/Podfile.lock",
				"${PODS_ROOT}/Manifest.lock",
			);
			name = "[CP] Check Pods Manifest.lock";
			outputFileListPaths = (
			);
			outputPaths = (
				"$(DERIVED_FILE_DIR)/Pods-MessengerTests-checkManifestLockResult.txt",
			);
			runOnlyForDeploymentPostprocessing = 0;
			shellPath = /bin/sh;
			shellScript = "diff \"${PODS_PODFILE_DIR_PATH}/Podfile.lock\" \"${PODS_ROOT}/Manifest.lock\" > /dev/null\nif [ $? != 0 ] ; then\n    # print error to STDERR\n    echo \"error: The sandbox is not in sync with the Podfile.lock. Run 'pod install' or update your CocoaPods installation.\" >&2\n    exit 1\nfi\n# This output is used by Xcode 'outputs' to avoid re-running this script phase.\necho \"SUCCESS\" > \"${SCRIPT_OUTPUT_FILE_0}\"\n";
			showEnvVarsInLog = 0;
		};
		B3A97E175AA3F023DC5D2A3F /* [CP] Check Pods Manifest.lock */ = {
			isa = PBXShellScriptBuildPhase;
			buildActionMask = 2147483647;
			files = (
			);
			inputFileListPaths = (
			);
			inputPaths = (
				"${PODS_PODFILE_DIR_PATH}/Podfile.lock",
				"${PODS_ROOT}/Manifest.lock",
			);
			name = "[CP] Check Pods Manifest.lock";
			outputFileListPaths = (
			);
			outputPaths = (
				"$(DERIVED_FILE_DIR)/Pods-Messenger-checkManifestLockResult.txt",
			);
			runOnlyForDeploymentPostprocessing = 0;
			shellPath = /bin/sh;
			shellScript = "diff \"${PODS_PODFILE_DIR_PATH}/Podfile.lock\" \"${PODS_ROOT}/Manifest.lock\" > /dev/null\nif [ $? != 0 ] ; then\n    # print error to STDERR\n    echo \"error: The sandbox is not in sync with the Podfile.lock. Run 'pod install' or update your CocoaPods installation.\" >&2\n    exit 1\nfi\n# This output is used by Xcode 'outputs' to avoid re-running this script phase.\necho \"SUCCESS\" > \"${SCRIPT_OUTPUT_FILE_0}\"\n";
			showEnvVarsInLog = 0;
		};
		FF17974CCCD04A3BF6D9F07B /* [CP] Embed Pods Frameworks */ = {
			isa = PBXShellScriptBuildPhase;
			buildActionMask = 2147483647;
			files = (
			);
			inputFileListPaths = (
				"${PODS_ROOT}/Target Support Files/Pods-Messenger-MessengerUITests/Pods-Messenger-MessengerUITests-frameworks-${CONFIGURATION}-input-files.xcfilelist",
			);
			name = "[CP] Embed Pods Frameworks";
			outputFileListPaths = (
				"${PODS_ROOT}/Target Support Files/Pods-Messenger-MessengerUITests/Pods-Messenger-MessengerUITests-frameworks-${CONFIGURATION}-output-files.xcfilelist",
			);
			runOnlyForDeploymentPostprocessing = 0;
			shellPath = /bin/sh;
			shellScript = "\"${PODS_ROOT}/Target Support Files/Pods-Messenger-MessengerUITests/Pods-Messenger-MessengerUITests-frameworks.sh\"\n";
			showEnvVarsInLog = 0;
		};
/* End PBXShellScriptBuildPhase section */

/* Begin PBXSourcesBuildPhase section */
		78C88DDD25904782009962F8 /* Sources */ = {
			isa = PBXSourcesBuildPhase;
			buildActionMask = 2147483647;
			files = (
				78C88E2725905336009962F8 /* LoginViewController.swift in Sources */,
				78C88E2C25905361009962F8 /* RegisterViewController.swift in Sources */,
				78C88E3B259053FA009962F8 /* NewConversationViewController.swift in Sources */,
				78C88DE925904782009962F8 /* ConversationsViewController.swift in Sources */,
				78C88E36259053B8009962F8 /* VideoPlayerViewController.swift in Sources */,
				78C88E6B2590823A009962F8 /* Extension.swift in Sources */,
				78C88DE525904782009962F8 /* AppDelegate.swift in Sources */,
				78C88E4025905426009962F8 /* ProfileViewController.swift in Sources */,
				78C88DE725904782009962F8 /* SceneDelegate.swift in Sources */,
				78C88E3125905395009962F8 /* PhotoViewerViewController.swift in Sources */,
			);
			runOnlyForDeploymentPostprocessing = 0;
		};
		78C88DF325904782009962F8 /* Sources */ = {
			isa = PBXSourcesBuildPhase;
			buildActionMask = 2147483647;
			files = (
				78C88DFC25904782009962F8 /* MessengerTests.swift in Sources */,
			);
			runOnlyForDeploymentPostprocessing = 0;
		};
		78C88DFE25904782009962F8 /* Sources */ = {
			isa = PBXSourcesBuildPhase;
			buildActionMask = 2147483647;
			files = (
				78C88E0725904782009962F8 /* MessengerUITests.swift in Sources */,
			);
			runOnlyForDeploymentPostprocessing = 0;
		};
/* End PBXSourcesBuildPhase section */

/* Begin PBXTargetDependency section */
		78C88DF925904782009962F8 /* PBXTargetDependency */ = {
			isa = PBXTargetDependency;
			target = 78C88DE025904782009962F8 /* Messenger */;
			targetProxy = 78C88DF825904782009962F8 /* PBXContainerItemProxy */;
		};
		78C88E0425904782009962F8 /* PBXTargetDependency */ = {
			isa = PBXTargetDependency;
			target = 78C88DE025904782009962F8 /* Messenger */;
			targetProxy = 78C88E0325904782009962F8 /* PBXContainerItemProxy */;
		};
/* End PBXTargetDependency section */

/* Begin PBXVariantGroup section */
		78C88DEA25904782009962F8 /* Main.storyboard */ = {
			isa = PBXVariantGroup;
			children = (
				78C88DEB25904782009962F8 /* Base */,
			);
			name = Main.storyboard;
			sourceTree = "<group>";
		};
		78C88DEF25904782009962F8 /* LaunchScreen.storyboard */ = {
			isa = PBXVariantGroup;
			children = (
				78C88DF025904782009962F8 /* Base */,
			);
			name = LaunchScreen.storyboard;
			sourceTree = "<group>";
		};
/* End PBXVariantGroup section */

/* Begin XCBuildConfiguration section */
		78C88E0925904782009962F8 /* Debug */ = {
			isa = XCBuildConfiguration;
			buildSettings = {
				ALWAYS_SEARCH_USER_PATHS = NO;
				CLANG_ANALYZER_NONNULL = YES;
				CLANG_ANALYZER_NUMBER_OBJECT_CONVERSION = YES_AGGRESSIVE;
				CLANG_CXX_LANGUAGE_STANDARD = "gnu++14";
				CLANG_CXX_LIBRARY = "libc++";
				CLANG_ENABLE_MODULES = YES;
				CLANG_ENABLE_OBJC_ARC = YES;
				CLANG_ENABLE_OBJC_WEAK = YES;
				CLANG_WARN_BLOCK_CAPTURE_AUTORELEASING = YES;
				CLANG_WARN_BOOL_CONVERSION = YES;
				CLANG_WARN_COMMA = YES;
				CLANG_WARN_CONSTANT_CONVERSION = YES;
				CLANG_WARN_DEPRECATED_OBJC_IMPLEMENTATIONS = YES;
				CLANG_WARN_DIRECT_OBJC_ISA_USAGE = YES_ERROR;
				CLANG_WARN_DOCUMENTATION_COMMENTS = YES;
				CLANG_WARN_EMPTY_BODY = YES;
				CLANG_WARN_ENUM_CONVERSION = YES;
				CLANG_WARN_INFINITE_RECURSION = YES;
				CLANG_WARN_INT_CONVERSION = YES;
				CLANG_WARN_NON_LITERAL_NULL_CONVERSION = YES;
				CLANG_WARN_OBJC_IMPLICIT_RETAIN_SELF = YES;
				CLANG_WARN_OBJC_LITERAL_CONVERSION = YES;
				CLANG_WARN_OBJC_ROOT_CLASS = YES_ERROR;
				CLANG_WARN_QUOTED_INCLUDE_IN_FRAMEWORK_HEADER = YES;
				CLANG_WARN_RANGE_LOOP_ANALYSIS = YES;
				CLANG_WARN_STRICT_PROTOTYPES = YES;
				CLANG_WARN_SUSPICIOUS_MOVE = YES;
				CLANG_WARN_UNGUARDED_AVAILABILITY = YES_AGGRESSIVE;
				CLANG_WARN_UNREACHABLE_CODE = YES;
				CLANG_WARN__DUPLICATE_METHOD_MATCH = YES;
				COPY_PHASE_STRIP = NO;
				DEBUG_INFORMATION_FORMAT = dwarf;
				ENABLE_STRICT_OBJC_MSGSEND = YES;
				ENABLE_TESTABILITY = YES;
				GCC_C_LANGUAGE_STANDARD = gnu11;
				GCC_DYNAMIC_NO_PIC = NO;
				GCC_NO_COMMON_BLOCKS = YES;
				GCC_OPTIMIZATION_LEVEL = 0;
				GCC_PREPROCESSOR_DEFINITIONS = (
					"DEBUG=1",
					"$(inherited)",
				);
				GCC_WARN_64_TO_32_BIT_CONVERSION = YES;
				GCC_WARN_ABOUT_RETURN_TYPE = YES_ERROR;
				GCC_WARN_UNDECLARED_SELECTOR = YES;
				GCC_WARN_UNINITIALIZED_AUTOS = YES_AGGRESSIVE;
				GCC_WARN_UNUSED_FUNCTION = YES;
				GCC_WARN_UNUSED_VARIABLE = YES;
				IPHONEOS_DEPLOYMENT_TARGET = 14.3;
				MTL_ENABLE_DEBUG_INFO = INCLUDE_SOURCE;
				MTL_FAST_MATH = YES;
				ONLY_ACTIVE_ARCH = YES;
				SDKROOT = iphoneos;
				SWIFT_ACTIVE_COMPILATION_CONDITIONS = DEBUG;
				SWIFT_OPTIMIZATION_LEVEL = "-Onone";
			};
			name = Debug;
		};
		78C88E0A25904782009962F8 /* Release */ = {
			isa = XCBuildConfiguration;
			buildSettings = {
				ALWAYS_SEARCH_USER_PATHS = NO;
				CLANG_ANALYZER_NONNULL = YES;
				CLANG_ANALYZER_NUMBER_OBJECT_CONVERSION = YES_AGGRESSIVE;
				CLANG_CXX_LANGUAGE_STANDARD = "gnu++14";
				CLANG_CXX_LIBRARY = "libc++";
				CLANG_ENABLE_MODULES = YES;
				CLANG_ENABLE_OBJC_ARC = YES;
				CLANG_ENABLE_OBJC_WEAK = YES;
				CLANG_WARN_BLOCK_CAPTURE_AUTORELEASING = YES;
				CLANG_WARN_BOOL_CONVERSION = YES;
				CLANG_WARN_COMMA = YES;
				CLANG_WARN_CONSTANT_CONVERSION = YES;
				CLANG_WARN_DEPRECATED_OBJC_IMPLEMENTATIONS = YES;
				CLANG_WARN_DIRECT_OBJC_ISA_USAGE = YES_ERROR;
				CLANG_WARN_DOCUMENTATION_COMMENTS = YES;
				CLANG_WARN_EMPTY_BODY = YES;
				CLANG_WARN_ENUM_CONVERSION = YES;
				CLANG_WARN_INFINITE_RECURSION = YES;
				CLANG_WARN_INT_CONVERSION = YES;
				CLANG_WARN_NON_LITERAL_NULL_CONVERSION = YES;
				CLANG_WARN_OBJC_IMPLICIT_RETAIN_SELF = YES;
				CLANG_WARN_OBJC_LITERAL_CONVERSION = YES;
				CLANG_WARN_OBJC_ROOT_CLASS = YES_ERROR;
				CLANG_WARN_QUOTED_INCLUDE_IN_FRAMEWORK_HEADER = YES;
				CLANG_WARN_RANGE_LOOP_ANALYSIS = YES;
				CLANG_WARN_STRICT_PROTOTYPES = YES;
				CLANG_WARN_SUSPICIOUS_MOVE = YES;
				CLANG_WARN_UNGUARDED_AVAILABILITY = YES_AGGRESSIVE;
				CLANG_WARN_UNREACHABLE_CODE = YES;
				CLANG_WARN__DUPLICATE_METHOD_MATCH = YES;
				COPY_PHASE_STRIP = NO;
				DEBUG_INFORMATION_FORMAT = "dwarf-with-dsym";
				ENABLE_NS_ASSERTIONS = NO;
				ENABLE_STRICT_OBJC_MSGSEND = YES;
				GCC_C_LANGUAGE_STANDARD = gnu11;
				GCC_NO_COMMON_BLOCKS = YES;
				GCC_WARN_64_TO_32_BIT_CONVERSION = YES;
				GCC_WARN_ABOUT_RETURN_TYPE = YES_ERROR;
				GCC_WARN_UNDECLARED_SELECTOR = YES;
				GCC_WARN_UNINITIALIZED_AUTOS = YES_AGGRESSIVE;
				GCC_WARN_UNUSED_FUNCTION = YES;
				GCC_WARN_UNUSED_VARIABLE = YES;
				IPHONEOS_DEPLOYMENT_TARGET = 14.3;
				MTL_ENABLE_DEBUG_INFO = NO;
				MTL_FAST_MATH = YES;
				SDKROOT = iphoneos;
				SWIFT_COMPILATION_MODE = wholemodule;
				SWIFT_OPTIMIZATION_LEVEL = "-O";
				VALIDATE_PRODUCT = YES;
			};
			name = Release;
		};
		78C88E0C25904782009962F8 /* Debug */ = {
			isa = XCBuildConfiguration;
			baseConfigurationReference = 9A0F23F526D2056AC2757382 /* Pods-Messenger.debug.xcconfig */;
			buildSettings = {
				ASSETCATALOG_COMPILER_APPICON_NAME = AppIcon;
				ASSETCATALOG_COMPILER_GLOBAL_ACCENT_COLOR_NAME = AccentColor;
				CODE_SIGN_STYLE = Automatic;
				DEVELOPMENT_TEAM = 83A3UH43TP;
				INFOPLIST_FILE = Messenger/Info.plist;
				IPHONEOS_DEPLOYMENT_TARGET = 13.0;
				LD_RUNPATH_SEARCH_PATHS = (
					"$(inherited)",
					"@executable_path/Frameworks",
				);
				PRODUCT_BUNDLE_IDENTIFIER = com.study.youtubelesson.Messenger;
				PRODUCT_NAME = "$(TARGET_NAME)";
				SWIFT_VERSION = 5.0;
				TARGETED_DEVICE_FAMILY = "1,2";
			};
			name = Debug;
		};
		78C88E0D25904782009962F8 /* Release */ = {
			isa = XCBuildConfiguration;
			baseConfigurationReference = 9BB58863E0760F79B2B8386C /* Pods-Messenger.release.xcconfig */;
			buildSettings = {
				ASSETCATALOG_COMPILER_APPICON_NAME = AppIcon;
				ASSETCATALOG_COMPILER_GLOBAL_ACCENT_COLOR_NAME = AccentColor;
				CODE_SIGN_STYLE = Automatic;
				DEVELOPMENT_TEAM = 83A3UH43TP;
				INFOPLIST_FILE = Messenger/Info.plist;
				IPHONEOS_DEPLOYMENT_TARGET = 13.0;
				LD_RUNPATH_SEARCH_PATHS = (
					"$(inherited)",
					"@executable_path/Frameworks",
				);
				PRODUCT_BUNDLE_IDENTIFIER = com.study.youtubelesson.Messenger;
				PRODUCT_NAME = "$(TARGET_NAME)";
				SWIFT_VERSION = 5.0;
				TARGETED_DEVICE_FAMILY = "1,2";
			};
			name = Release;
		};
		78C88E0F25904782009962F8 /* Debug */ = {
			isa = XCBuildConfiguration;
			baseConfigurationReference = 14F9CEE3BD038E5096D35AD0 /* Pods-MessengerTests.debug.xcconfig */;
			buildSettings = {
				ALWAYS_EMBED_SWIFT_STANDARD_LIBRARIES = YES;
				BUNDLE_LOADER = "$(TEST_HOST)";
				CODE_SIGN_STYLE = Automatic;
				DEVELOPMENT_TEAM = 83A3UH43TP;
				INFOPLIST_FILE = MessengerTests/Info.plist;
				IPHONEOS_DEPLOYMENT_TARGET = 14.3;
				LD_RUNPATH_SEARCH_PATHS = (
					"$(inherited)",
					"@executable_path/Frameworks",
					"@loader_path/Frameworks",
				);
				PRODUCT_BUNDLE_IDENTIFIER = com.study.youtubelesson.MessengerTests;
				PRODUCT_NAME = "$(TARGET_NAME)";
				SWIFT_VERSION = 5.0;
				TARGETED_DEVICE_FAMILY = "1,2";
				TEST_HOST = "$(BUILT_PRODUCTS_DIR)/Messenger.app/Messenger";
			};
			name = Debug;
		};
		78C88E1025904782009962F8 /* Release */ = {
			isa = XCBuildConfiguration;
			baseConfigurationReference = FC726E24C0E0612B6D5488A9 /* Pods-MessengerTests.release.xcconfig */;
			buildSettings = {
				ALWAYS_EMBED_SWIFT_STANDARD_LIBRARIES = YES;
				BUNDLE_LOADER = "$(TEST_HOST)";
				CODE_SIGN_STYLE = Automatic;
				DEVELOPMENT_TEAM = 83A3UH43TP;
				INFOPLIST_FILE = MessengerTests/Info.plist;
				IPHONEOS_DEPLOYMENT_TARGET = 14.3;
				LD_RUNPATH_SEARCH_PATHS = (
					"$(inherited)",
					"@executable_path/Frameworks",
					"@loader_path/Frameworks",
				);
				PRODUCT_BUNDLE_IDENTIFIER = com.study.youtubelesson.MessengerTests;
				PRODUCT_NAME = "$(TARGET_NAME)";
				SWIFT_VERSION = 5.0;
				TARGETED_DEVICE_FAMILY = "1,2";
				TEST_HOST = "$(BUILT_PRODUCTS_DIR)/Messenger.app/Messenger";
			};
			name = Release;
		};
		78C88E1225904782009962F8 /* Debug */ = {
			isa = XCBuildConfiguration;
			baseConfigurationReference = 4B411A84323CD8CA68C7F09B /* Pods-Messenger-MessengerUITests.debug.xcconfig */;
			buildSettings = {
				ALWAYS_EMBED_SWIFT_STANDARD_LIBRARIES = YES;
				CODE_SIGN_STYLE = Automatic;
				DEVELOPMENT_TEAM = 83A3UH43TP;
				INFOPLIST_FILE = MessengerUITests/Info.plist;
				LD_RUNPATH_SEARCH_PATHS = (
					"$(inherited)",
					"@executable_path/Frameworks",
					"@loader_path/Frameworks",
				);
				PRODUCT_BUNDLE_IDENTIFIER = com.study.youtubelesson.MessengerUITests;
				PRODUCT_NAME = "$(TARGET_NAME)";
				SWIFT_VERSION = 5.0;
				TARGETED_DEVICE_FAMILY = "1,2";
				TEST_TARGET_NAME = Messenger;
			};
			name = Debug;
		};
		78C88E1325904782009962F8 /* Release */ = {
			isa = XCBuildConfiguration;
			baseConfigurationReference = 419C3F5386005A6E26FB5ED9 /* Pods-Messenger-MessengerUITests.release.xcconfig */;
			buildSettings = {
				ALWAYS_EMBED_SWIFT_STANDARD_LIBRARIES = YES;
				CODE_SIGN_STYLE = Automatic;
				DEVELOPMENT_TEAM = 83A3UH43TP;
				INFOPLIST_FILE = MessengerUITests/Info.plist;
				LD_RUNPATH_SEARCH_PATHS = (
					"$(inherited)",
					"@executable_path/Frameworks",
					"@loader_path/Frameworks",
				);
				PRODUCT_BUNDLE_IDENTIFIER = com.study.youtubelesson.MessengerUITests;
				PRODUCT_NAME = "$(TARGET_NAME)";
				SWIFT_VERSION = 5.0;
				TARGETED_DEVICE_FAMILY = "1,2";
				TEST_TARGET_NAME = Messenger;
			};
			name = Release;
		};
/* End XCBuildConfiguration section */

/* Begin XCConfigurationList section */
		78C88DDC25904782009962F8 /* Build configuration list for PBXProject "Messenger" */ = {
			isa = XCConfigurationList;
			buildConfigurations = (
				78C88E0925904782009962F8 /* Debug */,
				78C88E0A25904782009962F8 /* Release */,
			);
			defaultConfigurationIsVisible = 0;
			defaultConfigurationName = Release;
		};
		78C88E0B25904782009962F8 /* Build configuration list for PBXNativeTarget "Messenger" */ = {
			isa = XCConfigurationList;
			buildConfigurations = (
				78C88E0C25904782009962F8 /* Debug */,
				78C88E0D25904782009962F8 /* Release */,
			);
			defaultConfigurationIsVisible = 0;
			defaultConfigurationName = Release;
		};
		78C88E0E25904782009962F8 /* Build configuration list for PBXNativeTarget "MessengerTests" */ = {
			isa = XCConfigurationList;
			buildConfigurations = (
				78C88E0F25904782009962F8 /* Debug */,
				78C88E1025904782009962F8 /* Release */,
			);
			defaultConfigurationIsVisible = 0;
			defaultConfigurationName = Release;
		};
		78C88E1125904782009962F8 /* Build configuration list for PBXNativeTarget "MessengerUITests" */ = {
			isa = XCConfigurationList;
			buildConfigurations = (
				78C88E1225904782009962F8 /* Debug */,
				78C88E1325904782009962F8 /* Release */,
			);
			defaultConfigurationIsVisible = 0;
			defaultConfigurationName = Release;
		};
/* End XCConfigurationList section */
	};
	rootObject = 78C88DD925904782009962F8 /* Project object */;
}
